
Microsoft Visual Studio Solution File, Format Version 12.00
# Visual Studio Version 16
VisualStudioVersion = 16.0.30021.99
MinimumVisualStudioVersion = 10.0.40219.1
Project("{9A19103F-16F7-4668-BE54-9A1E7A4F7556}") = "ArchiCAD.DB.WebAPI", "ArchiCAD.DB.WebAPI\ArchiCAD.DB.WebAPI.csproj", "{A3AFBD37-FF26-403E-81C8-37C14D0A9009}"
EndProject
Global
	GlobalSection(SolutionConfigurationPlatforms) = preSolution
		Debug|Any CPU = Debug|Any CPU
		Release|Any CPU = Release|Any CPU
	EndGlobalSection
	GlobalSection(ProjectConfigurationPlatforms) = postSolution
		{A3AFBD37-FF26-403E-81C8-37C14D0A9009}.Debug|Any CPU.ActiveCfg = Debug|Any CPU
		{A3AFBD37-FF26-403E-81C8-37C14D0A9009}.Debug|Any CPU.Build.0 = Debug|Any CPU
		{A3AFBD37-FF26-403E-81C8-37C14D0A9009}.Release|Any CPU.ActiveCfg = Release|Any CPU
		{A3AFBD37-FF26-403E-81C8-37C14D0A9009}.Release|Any CPU.Build.0 = Release|Any CPU
	EndGlobalSection
	GlobalSection(SolutionProperties) = preSolution
		HideSolutionNode = FALSE
	EndGlobalSection
	GlobalSection(ExtensibilityGlobals) = postSolution
		SolutionGuid = {C68B9ED8-BA88-46A0-A5C4-25CF4FF74691}
	EndGlobalSection
EndGlobal
